
Microsoft Visual Studio Solution File, Format Version 12.00
# Visual Studio Version 17
VisualStudioVersion = 17.3.32901.215
MinimumVisualStudioVersion = 10.0.40219.1
Project("{FAE04EC0-301F-11D3-BF4B-00C04F79EFBC}") = "Adding_Machine", "Adding_Machine\Adding_Machine.csproj", "{1398E615-21DE-44A6-BE12-AF7C3932E094}"
EndProject
Global
	GlobalSection(SolutionConfigurationPlatforms) = preSolution
		Debug|Any CPU = Debug|Any CPU
		Release|Any CPU = Release|Any CPU
	EndGlobalSection
	GlobalSection(ProjectConfigurationPlatforms) = postSolution
		{1398E615-21DE-44A6-BE12-AF7C3932E094}.Debug|Any CPU.ActiveCfg = Debug|Any CPU
		{1398E615-21DE-44A6-BE12-AF7C3932E094}.Debug|Any CPU.Build.0 = Debug|Any CPU
		{1398E615-21DE-44A6-BE12-AF7C3932E094}.Release|Any CPU.ActiveCfg = Release|Any CPU
		{1398E615-21DE-44A6-BE12-AF7C3932E094}.Release|Any CPU.Build.0 = Release|Any CPU
	EndGlobalSection
	GlobalSection(SolutionProperties) = preSolution
		HideSolutionNode = FALSE
	EndGlobalSection
	GlobalSection(ExtensibilityGlobals) = postSolution
		SolutionGuid = {6997C197-1093-4916-AAE3-81BBFC2FD8A6}
	EndGlobalSection
EndGlobal
